
Microsoft Visual Studio Solution File, Format Version 12.00
# Visual Studio Version 16
VisualStudioVersion = 16.0.810.23
MinimumVisualStudioVersion = 10.0.40219.1
Project("{FAE04EC0-301F-11D3-BF4B-00C04F79EFBC}") = "C-SHARP-Tutorial", "C-SHARP-Tutorial\C-SHARP-Tutorial.csproj", "{306D0AC8-5186-48AA-A6EF-EDCC56F0AC0B}"
EndProject
Global
	GlobalSection(SolutionConfigurationPlatforms) = preSolution
		Debug|Any CPU = Debug|Any CPU
		Release|Any CPU = Release|Any CPU
	EndGlobalSection
	GlobalSection(ProjectConfigurationPlatforms) = postSolution
		{306D0AC8-5186-48AA-A6EF-EDCC56F0AC0B}.Debug|Any CPU.ActiveCfg = Debug|Any CPU
		{306D0AC8-5186-48AA-A6EF-EDCC56F0AC0B}.Debug|Any CPU.Build.0 = Debug|Any CPU
		{306D0AC8-5186-48AA-A6EF-EDCC56F0AC0B}.Release|Any CPU.ActiveCfg = Release|Any CPU
		{306D0AC8-5186-48AA-A6EF-EDCC56F0AC0B}.Release|Any CPU.Build.0 = Release|Any CPU
	EndGlobalSection
	GlobalSection(SolutionProperties) = preSolution
		HideSolutionNode = FALSE
	EndGlobalSection
	GlobalSection(ExtensibilityGlobals) = postSolution
		SolutionGuid = {7885689F-5FB0-4400-B51F-925EA40ACB35}
	EndGlobalSection
EndGlobal
